// !$*UTF8*$!
{
	archiveVersion = 1;
	classes = {
	};
	objectVersion = 50;
	objects = {

/* Begin PBXFileReference section */
		418687F223E3087F00D6E820 /* main.py */ = {isa = PBXFileReference; lastKnownFileType = text.script.python; path = main.py; sourceTree = "<group>"; };
		418687F323E308E900D6E820 /* read_root_files.py */ = {isa = PBXFileReference; lastKnownFileType = text.script.python; path = read_root_files.py; sourceTree = "<group>"; };
		418687F423E773F700D6E820 /* plot_coords.py */ = {isa = PBXFileReference; lastKnownFileType = text.script.python; path = plot_coords.py; sourceTree = "<group>"; };
		418687F523E7760100D6E820 /* V1_coords.txt */ = {isa = PBXFileReference; lastKnownFileType = text; path = V1_coords.txt; sourceTree = "<group>"; };
		41F742AF23F21D22004CE5D7 /* process_V2.py */ = {isa = PBXFileReference; lastKnownFileType = text.script.python; path = process_V2.py; sourceTree = "<group>"; };
		41F742B023F29F05004CE5D7 /* event_list.txt */ = {isa = PBXFileReference; lastKnownFileType = text; path = event_list.txt; sourceTree = "<group>"; };
		41F742B123F2A7AF004CE5D7 /* run_lora.py */ = {isa = PBXFileReference; lastKnownFileType = text.script.python; path = run_lora.py; sourceTree = "<group>"; };
		41F742B923FEC615004CE5D7 /* run_read_event.sh */ = {isa = PBXFileReference; lastKnownFileType = text.script.sh; path = run_read_event.sh; sourceTree = "<group>"; };
		41F742BA23FEDE3C004CE5D7 /* run_process_events.sh */ = {isa = PBXFileReference; lastKnownFileType = text.script.sh; path = run_process_events.sh; sourceTree = "<group>"; };
/* End PBXFileReference section */

/* Begin PBXGroup section */
		418687EB23E3086B00D6E820 = {
			isa = PBXGroup;
			children = (
				41F742AF23F21D22004CE5D7 /* process_V2.py */,
				41F742B923FEC615004CE5D7 /* run_read_event.sh */,
				41F742B023F29F05004CE5D7 /* event_list.txt */,
				41F742B123F2A7AF004CE5D7 /* run_lora.py */,
				418687F223E3087F00D6E820 /* main.py */,
				418687F423E773F700D6E820 /* plot_coords.py */,
				418687F523E7760100D6E820 /* V1_coords.txt */,
				418687F323E308E900D6E820 /* read_root_files.py */,
				41F742BA23FEDE3C004CE5D7 /* run_process_events.sh */,
			);
			sourceTree = "<group>";
		};
/* End PBXGroup section */

/* Begin PBXProject section */
		418687EC23E3086B00D6E820 /* Project object */ = {
			isa = PBXProject;
			attributes = {
				LastUpgradeCheck = 1010;
			};
			buildConfigurationList = 418687EF23E3086B00D6E820 /* Build configuration list for PBXProject "LORA_V2" */;
			compatibilityVersion = "Xcode 9.3";
			developmentRegion = en;
			hasScannedForEncodings = 0;
			knownRegions = (
				en,
			);
			mainGroup = 418687EB23E3086B00D6E820;
			projectDirPath = "";
			projectRoot = "";
			targets = (
			);
		};
/* End PBXProject section */

/* Begin XCBuildConfiguration section */
		418687F023E3086B00D6E820 /* Debug */ = {
			isa = XCBuildConfiguration;
			buildSettings = {
			};
			name = Debug;
		};
		418687F123E3086B00D6E820 /* Release */ = {
			isa = XCBuildConfiguration;
			buildSettings = {
			};
			name = Release;
		};
/* End XCBuildConfiguration section */

/* Begin XCConfigurationList section */
		418687EF23E3086B00D6E820 /* Build configuration list for PBXProject "LORA_V2" */ = {
			isa = XCConfigurationList;
			buildConfigurations = (
				418687F023E3086B00D6E820 /* Debug */,
				418687F123E3086B00D6E820 /* Release */,
			);
			defaultConfigurationIsVisible = 0;
			defaultConfigurationName = Release;
		};
/* End XCConfigurationList section */
	};
	rootObject = 418687EC23E3086B00D6E820 /* Project object */;
}
